github.com/Tnze/CoolQ-Golang-SDK v1.2.0 h1:0vnuZCFRd3ufSnZd/6sveqmlamIMm3Bnr8M/7veIDLE=
github.com/Tnze/CoolQ-Golang-SDK v1.2.0/go.mod h1:e0wTTiIAcKLmr4JHTUHOo0dLzctmhNE1m3HhNHHGQLA=
golang.org/x/text v0.3.2 h1:tW2bmiBqwgJj/UpqtC8EpXEZVYOwU0yG4iWbprSVAcs=
golang.org/x/text v0.3.2/go.mod h1:bEr9sfX3Q8Zfm5fL9x+3itogRgK3+ptLWKqgva+5dAk=
golang.org/x/tools v0.0.0-20180917221912-90fa682c2a6e/go.mod h1:n7NCudcB/nEzxVGmLbDWY5pfWTLqBcC2KZ6jyYvM4mQ=
